
Microsoft Visual Studio Solution File, Format Version 11.00
# Visual Studio 2010
Project("{FAE04EC0-301F-11D3-BF4B-00C04F79EFBC}") = "Landmark", "Assembly-CSharp.csproj", "{7129E7F6-311F-1AD0-EBB9-40C56D43EDCA}"
EndProject
Project("{FAE04EC0-301F-11D3-BF4B-00C04F79EFBC}") = "Landmark", "Assembly-CSharp-Editor.csproj", "{CF7B1D2F-C65E-C132-D2C2-C2D6E7D08FE9}"
EndProject
Global
	GlobalSection(SolutionConfigurationPlatforms) = preSolution
		Debug|Any CPU = Debug|Any CPU
		Release|Any CPU = Release|Any CPU
	EndGlobalSection
	GlobalSection(ProjectConfigurationPlatforms) = postSolution
		{7129E7F6-311F-1AD0-EBB9-40C56D43EDCA}.Debug|Any CPU.ActiveCfg = Debug|Any CPU
		{7129E7F6-311F-1AD0-EBB9-40C56D43EDCA}.Debug|Any CPU.Build.0 = Debug|Any CPU
		{7129E7F6-311F-1AD0-EBB9-40C56D43EDCA}.Release|Any CPU.ActiveCfg = Release|Any CPU
		{7129E7F6-311F-1AD0-EBB9-40C56D43EDCA}.Release|Any CPU.Build.0 = Release|Any CPU
		{CF7B1D2F-C65E-C132-D2C2-C2D6E7D08FE9}.Debug|Any CPU.ActiveCfg = Debug|Any CPU
		{CF7B1D2F-C65E-C132-D2C2-C2D6E7D08FE9}.Debug|Any CPU.Build.0 = Debug|Any CPU
		{CF7B1D2F-C65E-C132-D2C2-C2D6E7D08FE9}.Release|Any CPU.ActiveCfg = Release|Any CPU
		{CF7B1D2F-C65E-C132-D2C2-C2D6E7D08FE9}.Release|Any CPU.Build.0 = Release|Any CPU
	EndGlobalSection
	GlobalSection(SolutionProperties) = preSolution
		HideSolutionNode = FALSE
	EndGlobalSection
	GlobalSection(MonoDevelopProperties) = preSolution
		StartupItem = Assembly-CSharp.csproj
	EndGlobalSection
EndGlobal
